
Microsoft Visual Studio Solution File, Format Version 12.00
# Visual Studio Version 17
VisualStudioVersion = 17.5.002.0
MinimumVisualStudioVersion = 10.0.40219.1
Project("{9A19103F-16F7-4668-BE54-9A1E7A4F7556}") = "HelloWorld", "HelloWorld.csproj", "{3FCF30ED-E49D-4790-AB37-098323E1F01E}"
EndProject
Global
	GlobalSection(SolutionConfigurationPlatforms) = preSolution
		Debug|Any CPU = Debug|Any CPU
		Release|Any CPU = Release|Any CPU
	EndGlobalSection
	GlobalSection(ProjectConfigurationPlatforms) = postSolution
		{3FCF30ED-E49D-4790-AB37-098323E1F01E}.Debug|Any CPU.ActiveCfg = Debug|Any CPU
		{3FCF30ED-E49D-4790-AB37-098323E1F01E}.Debug|Any CPU.Build.0 = Debug|Any CPU
		{3FCF30ED-E49D-4790-AB37-098323E1F01E}.Release|Any CPU.ActiveCfg = Release|Any CPU
		{3FCF30ED-E49D-4790-AB37-098323E1F01E}.Release|Any CPU.Build.0 = Release|Any CPU
	EndGlobalSection
	GlobalSection(SolutionProperties) = preSolution
		HideSolutionNode = FALSE
	EndGlobalSection
	GlobalSection(ExtensibilityGlobals) = postSolution
		SolutionGuid = {2505166A-80F1-4E94-847D-4B6207E8606D}
	EndGlobalSection
EndGlobal
